
Microsoft Visual Studio Solution File, Format Version 12.00
# Visual Studio Version 17
VisualStudioVersion = 17.8.34525.116
MinimumVisualStudioVersion = 10.0.40219.1
Project("{FAE04EC0-301F-11D3-BF4B-00C04F79EFBC}") = "HyperGenAI", "HyperGenAI\HyperGenAI.csproj", "{D539ACDB-C44F-478D-8FD5-658486DBB64E}"
EndProject
Project("{FAE04EC0-301F-11D3-BF4B-00C04F79EFBC}") = "Example", "Example\Example.csproj", "{5DFC2692-76C6-4B66-917D-43FB70259B9C}"
EndProject
Global
	GlobalSection(SolutionConfigurationPlatforms) = preSolution
		Debug|Any CPU = Debug|Any CPU
		Release|Any CPU = Release|Any CPU
	EndGlobalSection
	GlobalSection(ProjectConfigurationPlatforms) = postSolution
		{D539ACDB-C44F-478D-8FD5-658486DBB64E}.Debug|Any CPU.ActiveCfg = Debug|Any CPU
		{D539ACDB-C44F-478D-8FD5-658486DBB64E}.Debug|Any CPU.Build.0 = Debug|Any CPU
		{D539ACDB-C44F-478D-8FD5-658486DBB64E}.Release|Any CPU.ActiveCfg = Release|Any CPU
		{D539ACDB-C44F-478D-8FD5-658486DBB64E}.Release|Any CPU.Build.0 = Release|Any CPU
		{5DFC2692-76C6-4B66-917D-43FB70259B9C}.Debug|Any CPU.ActiveCfg = Debug|Any CPU
		{5DFC2692-76C6-4B66-917D-43FB70259B9C}.Debug|Any CPU.Build.0 = Debug|Any CPU
		{5DFC2692-76C6-4B66-917D-43FB70259B9C}.Release|Any CPU.ActiveCfg = Release|Any CPU
		{5DFC2692-76C6-4B66-917D-43FB70259B9C}.Release|Any CPU.Build.0 = Release|Any CPU
	EndGlobalSection
	GlobalSection(SolutionProperties) = preSolution
		HideSolutionNode = FALSE
	EndGlobalSection
	GlobalSection(ExtensibilityGlobals) = postSolution
		SolutionGuid = {23CB7652-68AF-4C99-B617-3C2D70605851}
	EndGlobalSection
EndGlobal
